<Solution>
  <Folder Name="/src/">
    <Project Path="src/Core/Core.csproj" />
    <Project Path="src/API/API.csproj" />
    <Project Path="src/Mods/Mods.csproj" />
  </Folder>
  <Folder Name="/tools/">
    <Project Path="tools/Core.CLI/Core.CLI.csproj" />
    <Project Path="tools/Calculator/Calculator.csproj" />
  </Folder>
  <Folder Name="/tests/">
    <Project Path="tests/Core.Tests/Core.Tests.csproj" />
    <Project Path="tests/API.Tests/API.Tests.csproj" />
    <Project Path="TestJsonDeserialization/TestJsonDeserialization.csproj" />
  </Folder>
  <Folder Name="/solution-items/">
    <File Path="README.md" />
    <File Path="CHANGELOG.md" />
    <File Path=".gitignore" />
    <File Path="HeroScript.slnx" />
  </Folder>
  <Folder Name="/data/default/">
    <File Path="data/configs/default/Entities/player_warrior.json" />
    <File Path="data/configs/default/Entities/enemy_goblin.json" />
    <File Path="data/configs/default/Entities/enemy_orc_warrior.json" />
    <File Path="data/configs/default/Actions/basic_attack.json" />
    <File Path="data/configs/default/Actions/conditional_heal.json" />
    <File Path="data/configs/default/Actions/draw_cards.json" />
    <File Path="data/configs/default/Actions/fireball.json" />
    <File Path="data/configs/default/Actions/heal.json" />
    <File Path="data/configs/default/Actions/poison_strike.json" />
    <File Path="data/configs/default/Actions/whirlwind.json" />
    <File Path="data/configs/default/Resources/cards/card_catalog.json" />
    <File Path="data/configs/default/Resources/card-pools/basic_rewards.json" />
    <File Path="data/configs/default/Resources/card-selections/basic_reward.json" />
    <File Path="data/configs/default/Resources/preparations/basic_preparation.json" />
    <File Path="data/configs/default/Resources/runs/default_run.json" />
    <File Path="data/configs/default/Resources/shops/basic_shop.json" />
    <File Path="data/configs/default/Resources/resources/block.json" />
    <File Path="data/configs/default/Resources/resources/energy.json" />
    <File Path="data/configs/default/Resources/resources/health.json" />
    <File Path="data/configs/default/Resources/resources/mana.json" />
    <File Path="data/configs/default/Resources/resources/shield.json" />
    <File Path="data/configs/default/Resources/Pipelines/DamagePipeline.json" />
    <File Path="data/configs/default/Resources/Pipelines/DamagePipeline.example.json" />
    <File Path="data/configs/default/Resources/Pipelines/DamagePipeline.high-crit.json" />
    <File Path="data/configs/default/StatusEffects/status_effects.json" />
    <File Path="data/configs/default/StatusEffects/README.md" />
    <File Path="data/configs/default/StatusEffects/examples/buff_effects.json" />
    <File Path="data/configs/default/StatusEffects/examples/debuff_effects.json" />
    <File Path="data/configs/default/StatusEffects/examples/dot_effects.json" />
    <File Path="data/configs/default/StatusEffects/examples/special_effects.json" />
  </Folder>
  <Folder Name="/UserData/default/">
    <File Path="UserData/Configs/default/Gambits/gambits.json" />
    <File Path="UserData/Configs/default/Modifiers/script_modifiers.json" />
    <File Path="UserData/Configs/default/StatusEffects/status_effects.json" />
  </Folder>
  <Folder Name="/docs/">
    <File Path="docs/README.md" />
    <File Path="docs/MOVED.md" />
  </Folder>
  <Folder Name="/docs/api/">
    <File Path="docs/api/endpoints.md" />
  </Folder>
  <Folder Name="/docs/architecture/">
    <File Path="docs/architecture/overview.md" />
    <File Path="docs/architecture/service-patterns.md" />
    <File Path="docs/architecture/timeline-system.md" />
  </Folder>
  <Folder Name="/docs/examples/">
    <File Path="docs/examples/alternative-costs.json" />
  </Folder>
  <Folder Name="/docs/roadmap/">
    <File Path="docs/roadmap/README.md" />
    <File Path="docs/roadmap/strategic.md" />
  </Folder>
  <Folder Name="/docs/roadmap/analysis/">
    <File Path="docs/roadmap/analysis/api-conventions.md" />
    <File Path="docs/roadmap/analysis/core-modules.md" />
    <File Path="docs/roadmap/analysis/data-driven-compliance.md" />
    <File Path="docs/roadmap/analysis/event-integration.md" />
    <File Path="docs/roadmap/analysis/frontend-integration-gaps.md" />
    <File Path="docs/roadmap/analysis/resource-costs.md" />
  </Folder>
  <Folder Name="/docs/roadmap/phases/">
    <File Path="docs/roadmap/phases/phase-0.md" />
    <File Path="docs/roadmap/phases/phase-1.md" />
    <File Path="docs/roadmap/phases/phase-2.md" />
    <File Path="docs/roadmap/phases/phase-3.md" />
    <File Path="docs/roadmap/phases/phase-4.md" />
    <File Path="docs/roadmap/phases/phase-5.md" />
    <File Path="docs/roadmap/phases/phase-6.md" />
  </Folder>
  <Folder Name="/docs/systems/combat/">
    <File Path="docs/systems/combat/alternative-costs.md" />
    <File Path="docs/systems/combat/combat-system.md" />
    <File Path="docs/systems/combat/turn-phase-system.md" />
  </Folder>
  <Folder Name="/docs/systems/config/">
    <File Path="docs/systems/config/config-system.md" />
    <File Path="docs/systems/config/delta-reference.md" />
  </Folder>
  <Folder Name="/docs/systems/damage/">
    <File Path="docs/systems/damage/damage-examples.md" />
    <File Path="docs/systems/damage/damage-pipeline.md" />
  </Folder>
  <Folder Name="/docs/systems/effects/">
    <File Path="docs/systems/effects/effect-system.md" />
  </Folder>
  <Folder Name="/docs/systems/events/">
    <File Path="docs/systems/events/eventbus-implementation.md" />
    <File Path="docs/systems/events/eventbus-system.md" />
  </Folder>
  <Folder Name="/docs/systems/math/">
    <File Path="docs/systems/math/expression-modes.md" />
    <File Path="docs/systems/math/math-system.md" />
  </Folder>
  <Folder Name="/docs/systems/resources/">
    <File Path="docs/systems/resources/resource-system.md" />
  </Folder>
</Solution>
